
Microsoft Visual Studio Solution File, Format Version 12.00
# Visual Studio Version 17
VisualStudioVersion = 17.0.31815.197
MinimumVisualStudioVersion = 10.0.40219.1
Project("{9A19103F-16F7-4668-BE54-9A1E7A4F7556}") = "ActivityCalendar", "ActivityCalendar\ActivityCalendar.csproj", "{1D027145-8E6B-4FAA-AB87-84944134A928}"
EndProject
Project("{9A19103F-16F7-4668-BE54-9A1E7A4F7556}") = "ActivityCalendarWebAssemblyApp", "ActivityCalendarWebAssemblyApp\ActivityCalendarWebAssemblyApp.csproj", "{98E5CF7A-5217-4094-990F-C33FC891F07D}"
EndProject
Project("{9A19103F-16F7-4668-BE54-9A1E7A4F7556}") = "ActivityCalendarCore", "ActivityCalendarCore\ActivityCalendarCore.csproj", "{45698E50-71C2-482F-93A1-6C115A81D093}"
EndProject
Project("{FAE04EC0-301F-11D3-BF4B-00C04F79EFBC}") = "ActivityCalendarServerApp", "ActivityCalendarServerApp\ActivityCalendarServerApp.csproj", "{A141C32A-D2B4-41E7-AD6A-AAB23A39A41C}"
EndProject
Global
	GlobalSection(SolutionConfigurationPlatforms) = preSolution
		Debug|Any CPU = Debug|Any CPU
		Release|Any CPU = Release|Any CPU
	EndGlobalSection
	GlobalSection(ProjectConfigurationPlatforms) = postSolution
		{1D027145-8E6B-4FAA-AB87-84944134A928}.Debug|Any CPU.ActiveCfg = Debug|Any CPU
		{1D027145-8E6B-4FAA-AB87-84944134A928}.Debug|Any CPU.Build.0 = Debug|Any CPU
		{1D027145-8E6B-4FAA-AB87-84944134A928}.Release|Any CPU.ActiveCfg = Release|Any CPU
		{1D027145-8E6B-4FAA-AB87-84944134A928}.Release|Any CPU.Build.0 = Release|Any CPU
		{98E5CF7A-5217-4094-990F-C33FC891F07D}.Debug|Any CPU.ActiveCfg = Debug|Any CPU
		{98E5CF7A-5217-4094-990F-C33FC891F07D}.Debug|Any CPU.Build.0 = Debug|Any CPU
		{98E5CF7A-5217-4094-990F-C33FC891F07D}.Release|Any CPU.ActiveCfg = Release|Any CPU
		{98E5CF7A-5217-4094-990F-C33FC891F07D}.Release|Any CPU.Build.0 = Release|Any CPU
		{45698E50-71C2-482F-93A1-6C115A81D093}.Debug|Any CPU.ActiveCfg = Debug|Any CPU
		{45698E50-71C2-482F-93A1-6C115A81D093}.Debug|Any CPU.Build.0 = Debug|Any CPU
		{45698E50-71C2-482F-93A1-6C115A81D093}.Release|Any CPU.ActiveCfg = Release|Any CPU
		{45698E50-71C2-482F-93A1-6C115A81D093}.Release|Any CPU.Build.0 = Release|Any CPU
		{A141C32A-D2B4-41E7-AD6A-AAB23A39A41C}.Debug|Any CPU.ActiveCfg = Debug|Any CPU
		{A141C32A-D2B4-41E7-AD6A-AAB23A39A41C}.Debug|Any CPU.Build.0 = Debug|Any CPU
		{A141C32A-D2B4-41E7-AD6A-AAB23A39A41C}.Release|Any CPU.ActiveCfg = Release|Any CPU
		{A141C32A-D2B4-41E7-AD6A-AAB23A39A41C}.Release|Any CPU.Build.0 = Release|Any CPU
	EndGlobalSection
	GlobalSection(SolutionProperties) = preSolution
		HideSolutionNode = FALSE
	EndGlobalSection
	GlobalSection(ExtensibilityGlobals) = postSolution
		SolutionGuid = {0A1B986D-4464-41AE-B188-8CD03C93E518}
	EndGlobalSection
EndGlobal
